
Microsoft Visual Studio Solution File, Format Version 12.00
# Visual Studio 15
VisualStudioVersion = 15.0.27428.2043
MinimumVisualStudioVersion = 10.0.40219.1
Project("{FAE04EC0-301F-11D3-BF4B-00C04F79EFBC}") = "LagDaemon.Logging.Core", "LagDaemon.Logging.Core\LagDaemon.Logging.Core.csproj", "{7CB6FF83-152D-4316-8C86-82F91ED7C5CB}"
EndProject
Project("{2150E333-8FDC-42A3-9474-1A3956D46DE8}") = "TestSuite", "TestSuite", "{E7A0423B-1A8B-4F4D-ABE0-7A8AFF02B171}"
EndProject
Project("{FAE04EC0-301F-11D3-BF4B-00C04F79EFBC}") = "NUnit.Tests1", "NUnit.Tests1\NUnit.Tests1.csproj", "{8EDF4429-251A-416D-BB68-93F227191BCF}"
EndProject
Project("{FAE04EC0-301F-11D3-BF4B-00C04F79EFBC}") = "TestConsole", "TestConsole\TestConsole.csproj", "{9B858C9A-7271-46E4-A683-F658E6E862AB}"
EndProject
Global
	GlobalSection(SolutionConfigurationPlatforms) = preSolution
		Debug|Any CPU = Debug|Any CPU
		Release|Any CPU = Release|Any CPU
	EndGlobalSection
	GlobalSection(ProjectConfigurationPlatforms) = postSolution
		{7CB6FF83-152D-4316-8C86-82F91ED7C5CB}.Debug|Any CPU.ActiveCfg = Debug|Any CPU
		{7CB6FF83-152D-4316-8C86-82F91ED7C5CB}.Debug|Any CPU.Build.0 = Debug|Any CPU
		{7CB6FF83-152D-4316-8C86-82F91ED7C5CB}.Release|Any CPU.ActiveCfg = Release|Any CPU
		{7CB6FF83-152D-4316-8C86-82F91ED7C5CB}.Release|Any CPU.Build.0 = Release|Any CPU
		{8EDF4429-251A-416D-BB68-93F227191BCF}.Debug|Any CPU.ActiveCfg = Debug|Any CPU
		{8EDF4429-251A-416D-BB68-93F227191BCF}.Debug|Any CPU.Build.0 = Debug|Any CPU
		{8EDF4429-251A-416D-BB68-93F227191BCF}.Release|Any CPU.ActiveCfg = Release|Any CPU
		{8EDF4429-251A-416D-BB68-93F227191BCF}.Release|Any CPU.Build.0 = Release|Any CPU
		{9B858C9A-7271-46E4-A683-F658E6E862AB}.Debug|Any CPU.ActiveCfg = Debug|Any CPU
		{9B858C9A-7271-46E4-A683-F658E6E862AB}.Debug|Any CPU.Build.0 = Debug|Any CPU
		{9B858C9A-7271-46E4-A683-F658E6E862AB}.Release|Any CPU.ActiveCfg = Release|Any CPU
		{9B858C9A-7271-46E4-A683-F658E6E862AB}.Release|Any CPU.Build.0 = Release|Any CPU
	EndGlobalSection
	GlobalSection(SolutionProperties) = preSolution
		HideSolutionNode = FALSE
	EndGlobalSection
	GlobalSection(NestedProjects) = preSolution
		{8EDF4429-251A-416D-BB68-93F227191BCF} = {E7A0423B-1A8B-4F4D-ABE0-7A8AFF02B171}
	EndGlobalSection
	GlobalSection(ExtensibilityGlobals) = postSolution
		SolutionGuid = {6FFEE414-BD0F-477D-912D-8EA6BE8534E8}
	EndGlobalSection
EndGlobal
